
Microsoft Visual Studio Solution File, Format Version 12.00
# Visual Studio Version 17
VisualStudioVersion = 17.0.31903.59
MinimumVisualStudioVersion = 10.0.40219.1
Project("{2150E333-8FDC-42A3-9474-1A3956D46DE8}") = "tests", "tests", "{56BD96F6-DDFE-4599-A45B-51096D0BFB22}"
EndProject
Project("{2150E333-8FDC-42A3-9474-1A3956D46DE8}") = "Unit", "Unit", "{1B548453-EB70-44FB-AA19-EF16CD419C50}"
EndProject
Project("{FAE04EC0-301F-11D3-BF4B-00C04F79EFBC}") = "BazanAI.Agronomy.Tests", "tests\Unit\BazanAI.Agronomy.Tests\BazanAI.Agronomy.Tests.csproj", "{C4A57C3D-75B2-4768-BF66-0E7945A0591D}"
EndProject
Project("{2150E333-8FDC-42A3-9474-1A3956D46DE8}") = "Integration", "Integration", "{226E3902-C01F-438A-8E21-2B9D97BE6B6D}"
EndProject
Project("{FAE04EC0-301F-11D3-BF4B-00C04F79EFBC}") = "BazanAI.Integration.Tests", "tests\Integration\BazanAI.Integration.Tests\BazanAI.Integration.Tests.csproj", "{F4C78A05-3F1E-4664-9C06-0AE92864924C}"
EndProject
Project("{2150E333-8FDC-42A3-9474-1A3956D46DE8}") = "src", "src", "{D3FB273A-ADED-4532-A77F-504ACB242D28}"
EndProject
Project("{2150E333-8FDC-42A3-9474-1A3956D46DE8}") = "SharedKernel", "SharedKernel", "{2E19CDD0-4D81-4A76-8E25-FDAF96AFFB4A}"
EndProject
Project("{FAE04EC0-301F-11D3-BF4B-00C04F79EFBC}") = "BazanAI.Infrastructure.Common", "src\SharedKernel\BazanAI.Infrastructure.Common\BazanAI.Infrastructure.Common.csproj", "{BDFB9F77-12A8-4223-ACDF-77F599B8EDCD}"
EndProject
Project("{FAE04EC0-301F-11D3-BF4B-00C04F79EFBC}") = "BazanAI.SharedKernel", "src\SharedKernel\BazanAI.SharedKernel\BazanAI.SharedKernel.csproj", "{DC6B998B-A9EB-411F-8E32-E0101DA67D78}"
EndProject
Project("{2150E333-8FDC-42A3-9474-1A3956D46DE8}") = "Services", "Services", "{90872E2B-D728-477F-BC64-D952C02B97D2}"
EndProject
Project("{2150E333-8FDC-42A3-9474-1A3956D46DE8}") = "BazanAI.Notifications", "BazanAI.Notifications", "{34E1DBE1-F937-4B3E-9C2F-A66A0EAFCDBE}"
EndProject
Project("{FAE04EC0-301F-11D3-BF4B-00C04F79EFBC}") = "BazanAI.Notifications", "src\Services\BazanAI.Notifications\src\BazanAI.Notifications.csproj", "{AA17CB37-3F50-4C47-8C74-2621A67E6D83}"
EndProject
Project("{2150E333-8FDC-42A3-9474-1A3956D46DE8}") = "BazanAI.Market", "BazanAI.Market", "{C07997E5-CD3A-403B-80F3-5778DB39FEE3}"
EndProject
Project("{FAE04EC0-301F-11D3-BF4B-00C04F79EFBC}") = "BazanAI.Market.Domain", "src\Services\BazanAI.Market\BazanAI.Market.Domain\BazanAI.Market.Domain.csproj", "{23E56741-30D4-4553-8D98-2124EF83F0D3}"
EndProject
Project("{FAE04EC0-301F-11D3-BF4B-00C04F79EFBC}") = "BazanAI.Market.API", "src\Services\BazanAI.Market\BazanAI.Market.API\BazanAI.Market.API.csproj", "{15A4E005-D69F-4A71-A00A-B3EACA42C5C5}"
EndProject
Project("{FAE04EC0-301F-11D3-BF4B-00C04F79EFBC}") = "BazanAI.Market.Application", "src\Services\BazanAI.Market\BazanAI.Market.Application\BazanAI.Market.Application.csproj", "{63980589-ADA8-4465-BA74-26DF6E6317BE}"
EndProject
Project("{FAE04EC0-301F-11D3-BF4B-00C04F79EFBC}") = "BazanAI.Market.Infrastructure", "src\Services\BazanAI.Market\BazanAI.Market.Infrastructure\BazanAI.Market.Infrastructure.csproj", "{FF9F9E59-5946-461E-8913-3FB373F134C4}"
EndProject
Project("{2150E333-8FDC-42A3-9474-1A3956D46DE8}") = "BazanAI.Media", "BazanAI.Media", "{5F88C271-E9AE-4AFD-9745-1527F4AE99FF}"
EndProject
Project("{FAE04EC0-301F-11D3-BF4B-00C04F79EFBC}") = "BazanAI.Media", "src\Services\BazanAI.Media\src\BazanAI.Media.csproj", "{F31B0FAC-16EB-4010-AF55-012260488B5D}"
EndProject
Project("{2150E333-8FDC-42A3-9474-1A3956D46DE8}") = "BazanAI.Agronomy", "BazanAI.Agronomy", "{A405A9CD-286C-4D5E-AC92-C86BB8EE5842}"
EndProject
Project("{FAE04EC0-301F-11D3-BF4B-00C04F79EFBC}") = "BazanAI.Agronomy.Domain", "src\Services\BazanAI.Agronomy\BazanAI.Agronomy.Domain\BazanAI.Agronomy.Domain.csproj", "{806D043D-0821-4850-A911-EEAD93018FFA}"
EndProject
Project("{FAE04EC0-301F-11D3-BF4B-00C04F79EFBC}") = "BazanAI.Agronomy.Application", "src\Services\BazanAI.Agronomy\BazanAI.Agronomy.Application\BazanAI.Agronomy.Application.csproj", "{3C84345E-1F84-4673-97B4-D5651D3BE37E}"
EndProject
Project("{FAE04EC0-301F-11D3-BF4B-00C04F79EFBC}") = "BazanAI.Agronomy.API", "src\Services\BazanAI.Agronomy\BazanAI.Agronomy.API\BazanAI.Agronomy.API.csproj", "{01B7DD2F-B1BC-41A0-A845-6763C330F170}"
EndProject
Project("{FAE04EC0-301F-11D3-BF4B-00C04F79EFBC}") = "BazanAI.Agronomy.Infrastructure", "src\Services\BazanAI.Agronomy\BazanAI.Agronomy.Infrastructure\BazanAI.Agronomy.Infrastructure.csproj", "{0354DF56-2AF4-41D9-A946-CB8F401C103F}"
EndProject
Project("{2150E333-8FDC-42A3-9474-1A3956D46DE8}") = "BazanAI.Scheduler", "BazanAI.Scheduler", "{ABF633AC-D10F-4C95-B2E7-DFE368F96840}"
EndProject
Project("{FAE04EC0-301F-11D3-BF4B-00C04F79EFBC}") = "BazanAI.Scheduler", "src\Services\BazanAI.Scheduler\src\BazanAI.Scheduler.csproj", "{27E9EC62-3EE3-46E9-AE47-8DCC16922D4F}"
EndProject
Project("{2150E333-8FDC-42A3-9474-1A3956D46DE8}") = "BazanAI.Orchestrator", "BazanAI.Orchestrator", "{8FA2FD00-BF14-4CC3-BC3B-E4B629DBAE02}"
EndProject
Project("{FAE04EC0-301F-11D3-BF4B-00C04F79EFBC}") = "BazanAI.Orchestrator", "src\Services\BazanAI.Orchestrator\BazanAI.Orchestrator\BazanAI.Orchestrator.csproj", "{AE8BAA5D-80B9-46D4-9769-880E0E84D721}"
EndProject
Project("{2150E333-8FDC-42A3-9474-1A3956D46DE8}") = "BazanAI.Identity", "BazanAI.Identity", "{15B85C77-6193-4C52-A15C-9718372C644B}"
EndProject
Project("{FAE04EC0-301F-11D3-BF4B-00C04F79EFBC}") = "BazanAI.Identity.Domain", "src\Services\BazanAI.Identity\BazanAI.Identity.Domain\BazanAI.Identity.Domain.csproj", "{8D10BF2F-C357-4EE2-B6A4-046E20CC76FD}"
EndProject
Project("{FAE04EC0-301F-11D3-BF4B-00C04F79EFBC}") = "BazanAI.Identity.Application", "src\Services\BazanAI.Identity\BazanAI.Identity.Application\BazanAI.Identity.Application.csproj", "{6998749E-04A5-4599-877F-5FD3E6DD2249}"
EndProject
Project("{FAE04EC0-301F-11D3-BF4B-00C04F79EFBC}") = "BazanAI.Identity.Infrastructure", "src\Services\BazanAI.Identity\BazanAI.Identity.Infrastructure\BazanAI.Identity.Infrastructure.csproj", "{154089D0-25AE-4AE0-9983-C6E8D727908F}"
EndProject
Project("{FAE04EC0-301F-11D3-BF4B-00C04F79EFBC}") = "BazanAI.Identity.API", "src\Services\BazanAI.Identity\BazanAI.Identity.API\BazanAI.Identity.API.csproj", "{455F27F4-D41E-4063-AC2F-8B3AC6967D1A}"
EndProject
Project("{2150E333-8FDC-42A3-9474-1A3956D46DE8}") = "BazanAI.Conversations", "BazanAI.Conversations", "{04349CA6-4E04-4AB3-A28F-205AF1431D07}"
EndProject
Project("{FAE04EC0-301F-11D3-BF4B-00C04F79EFBC}") = "BazanAI.Conversations.Infrastructure", "src\Services\BazanAI.Conversations\BazanAI.Conversations.Infrastructure\BazanAI.Conversations.Infrastructure.csproj", "{99CC40C3-FF19-47CD-95DC-64D6AFB1A891}"
EndProject
Project("{FAE04EC0-301F-11D3-BF4B-00C04F79EFBC}") = "BazanAI.Conversations.API", "src\Services\BazanAI.Conversations\BazanAI.Conversations.API\BazanAI.Conversations.API.csproj", "{6C5AFCA2-7515-4D31-AE53-0C12E1050913}"
EndProject
Project("{FAE04EC0-301F-11D3-BF4B-00C04F79EFBC}") = "BazanAI.Conversations.Application", "src\Services\BazanAI.Conversations\BazanAI.Conversations.Application\BazanAI.Conversations.Application.csproj", "{794AA578-7BE7-49E4-88AE-4E32505B243B}"
EndProject
Project("{FAE04EC0-301F-11D3-BF4B-00C04F79EFBC}") = "BazanAI.Conversations.Domain", "src\Services\BazanAI.Conversations\BazanAI.Conversations.Domain\BazanAI.Conversations.Domain.csproj", "{8110D47C-C545-4E59-85E9-D1647D503ABF}"
EndProject
Project("{2150E333-8FDC-42A3-9474-1A3956D46DE8}") = "BazanAI.IoTIngestion", "BazanAI.IoTIngestion", "{974F9EB4-05CD-48BD-9486-BEA094DEE2C8}"
EndProject
Project("{FAE04EC0-301F-11D3-BF4B-00C04F79EFBC}") = "BazanAI.IoTIngestion", "src\Services\BazanAI.IoTIngestion\src\BazanAI.IoTIngestion.csproj", "{E928FDEB-2760-4FCF-A1D2-452112BFD125}"
EndProject
Project("{2150E333-8FDC-42A3-9474-1A3956D46DE8}") = "BazanAI.Weather", "BazanAI.Weather", "{057295FE-C4FE-42B5-9435-7F03C02DAA65}"
EndProject
Project("{FAE04EC0-301F-11D3-BF4B-00C04F79EFBC}") = "BazanAI.Weather", "src\Services\BazanAI.Weather\src\BazanAI.Weather.csproj", "{30B1CA84-066D-43F8-A8BD-301FF2A21E48}"
EndProject
Project("{2150E333-8FDC-42A3-9474-1A3956D46DE8}") = "BazanAI.Gateway", "BazanAI.Gateway", "{B6651000-F60C-419D-B9AC-78BA98EEAD12}"
EndProject
Project("{FAE04EC0-301F-11D3-BF4B-00C04F79EFBC}") = "BazanAI.Gateway", "src\Services\BazanAI.Gateway\BazanAI.Gateway\BazanAI.Gateway.csproj", "{AC6660AC-668B-414A-B3EE-232574A875E0}"
EndProject
Global
	GlobalSection(SolutionConfigurationPlatforms) = preSolution
		Debug|Any CPU = Debug|Any CPU
		Release|Any CPU = Release|Any CPU
	EndGlobalSection
	GlobalSection(ProjectConfigurationPlatforms) = postSolution
		{C4A57C3D-75B2-4768-BF66-0E7945A0591D}.Debug|Any CPU.ActiveCfg = Debug|Any CPU
		{C4A57C3D-75B2-4768-BF66-0E7945A0591D}.Debug|Any CPU.Build.0 = Debug|Any CPU
		{C4A57C3D-75B2-4768-BF66-0E7945A0591D}.Release|Any CPU.ActiveCfg = Release|Any CPU
		{C4A57C3D-75B2-4768-BF66-0E7945A0591D}.Release|Any CPU.Build.0 = Release|Any CPU
		{F4C78A05-3F1E-4664-9C06-0AE92864924C}.Debug|Any CPU.ActiveCfg = Debug|Any CPU
		{F4C78A05-3F1E-4664-9C06-0AE92864924C}.Debug|Any CPU.Build.0 = Debug|Any CPU
		{F4C78A05-3F1E-4664-9C06-0AE92864924C}.Release|Any CPU.ActiveCfg = Release|Any CPU
		{F4C78A05-3F1E-4664-9C06-0AE92864924C}.Release|Any CPU.Build.0 = Release|Any CPU
		{BDFB9F77-12A8-4223-ACDF-77F599B8EDCD}.Debug|Any CPU.ActiveCfg = Debug|Any CPU
		{BDFB9F77-12A8-4223-ACDF-77F599B8EDCD}.Debug|Any CPU.Build.0 = Debug|Any CPU
		{BDFB9F77-12A8-4223-ACDF-77F599B8EDCD}.Release|Any CPU.ActiveCfg = Release|Any CPU
		{BDFB9F77-12A8-4223-ACDF-77F599B8EDCD}.Release|Any CPU.Build.0 = Release|Any CPU
		{DC6B998B-A9EB-411F-8E32-E0101DA67D78}.Debug|Any CPU.ActiveCfg = Debug|Any CPU
		{DC6B998B-A9EB-411F-8E32-E0101DA67D78}.Debug|Any CPU.Build.0 = Debug|Any CPU
		{DC6B998B-A9EB-411F-8E32-E0101DA67D78}.Release|Any CPU.ActiveCfg = Release|Any CPU
		{DC6B998B-A9EB-411F-8E32-E0101DA67D78}.Release|Any CPU.Build.0 = Release|Any CPU
		{AA17CB37-3F50-4C47-8C74-2621A67E6D83}.Debug|Any CPU.ActiveCfg = Debug|Any CPU
		{AA17CB37-3F50-4C47-8C74-2621A67E6D83}.Debug|Any CPU.Build.0 = Debug|Any CPU
		{AA17CB37-3F50-4C47-8C74-2621A67E6D83}.Release|Any CPU.ActiveCfg = Release|Any CPU
		{AA17CB37-3F50-4C47-8C74-2621A67E6D83}.Release|Any CPU.Build.0 = Release|Any CPU
		{23E56741-30D4-4553-8D98-2124EF83F0D3}.Debug|Any CPU.ActiveCfg = Debug|Any CPU
		{23E56741-30D4-4553-8D98-2124EF83F0D3}.Debug|Any CPU.Build.0 = Debug|Any CPU
		{23E56741-30D4-4553-8D98-2124EF83F0D3}.Release|Any CPU.ActiveCfg = Release|Any CPU
		{23E56741-30D4-4553-8D98-2124EF83F0D3}.Release|Any CPU.Build.0 = Release|Any CPU
		{15A4E005-D69F-4A71-A00A-B3EACA42C5C5}.Debug|Any CPU.ActiveCfg = Debug|Any CPU
		{15A4E005-D69F-4A71-A00A-B3EACA42C5C5}.Debug|Any CPU.Build.0 = Debug|Any CPU
		{15A4E005-D69F-4A71-A00A-B3EACA42C5C5}.Release|Any CPU.ActiveCfg = Release|Any CPU
		{15A4E005-D69F-4A71-A00A-B3EACA42C5C5}.Release|Any CPU.Build.0 = Release|Any CPU
		{63980589-ADA8-4465-BA74-26DF6E6317BE}.Debug|Any CPU.ActiveCfg = Debug|Any CPU
		{63980589-ADA8-4465-BA74-26DF6E6317BE}.Debug|Any CPU.Build.0 = Debug|Any CPU
		{63980589-ADA8-4465-BA74-26DF6E6317BE}.Release|Any CPU.ActiveCfg = Release|Any CPU
		{63980589-ADA8-4465-BA74-26DF6E6317BE}.Release|Any CPU.Build.0 = Release|Any CPU
		{FF9F9E59-5946-461E-8913-3FB373F134C4}.Debug|Any CPU.ActiveCfg = Debug|Any CPU
		{FF9F9E59-5946-461E-8913-3FB373F134C4}.Debug|Any CPU.Build.0 = Debug|Any CPU
		{FF9F9E59-5946-461E-8913-3FB373F134C4}.Release|Any CPU.ActiveCfg = Release|Any CPU
		{FF9F9E59-5946-461E-8913-3FB373F134C4}.Release|Any CPU.Build.0 = Release|Any CPU
		{F31B0FAC-16EB-4010-AF55-012260488B5D}.Debug|Any CPU.ActiveCfg = Debug|Any CPU
		{F31B0FAC-16EB-4010-AF55-012260488B5D}.Debug|Any CPU.Build.0 = Debug|Any CPU
		{F31B0FAC-16EB-4010-AF55-012260488B5D}.Release|Any CPU.ActiveCfg = Release|Any CPU
		{F31B0FAC-16EB-4010-AF55-012260488B5D}.Release|Any CPU.Build.0 = Release|Any CPU
		{806D043D-0821-4850-A911-EEAD93018FFA}.Debug|Any CPU.ActiveCfg = Debug|Any CPU
		{806D043D-0821-4850-A911-EEAD93018FFA}.Debug|Any CPU.Build.0 = Debug|Any CPU
		{806D043D-0821-4850-A911-EEAD93018FFA}.Release|Any CPU.ActiveCfg = Release|Any CPU
		{806D043D-0821-4850-A911-EEAD93018FFA}.Release|Any CPU.Build.0 = Release|Any CPU
		{3C84345E-1F84-4673-97B4-D5651D3BE37E}.Debug|Any CPU.ActiveCfg = Debug|Any CPU
		{3C84345E-1F84-4673-97B4-D5651D3BE37E}.Debug|Any CPU.Build.0 = Debug|Any CPU
		{3C84345E-1F84-4673-97B4-D5651D3BE37E}.Release|Any CPU.ActiveCfg = Release|Any CPU
		{3C84345E-1F84-4673-97B4-D5651D3BE37E}.Release|Any CPU.Build.0 = Release|Any CPU
		{01B7DD2F-B1BC-41A0-A845-6763C330F170}.Debug|Any CPU.ActiveCfg = Debug|Any CPU
		{01B7DD2F-B1BC-41A0-A845-6763C330F170}.Debug|Any CPU.Build.0 = Debug|Any CPU
		{01B7DD2F-B1BC-41A0-A845-6763C330F170}.Release|Any CPU.ActiveCfg = Release|Any CPU
		{01B7DD2F-B1BC-41A0-A845-6763C330F170}.Release|Any CPU.Build.0 = Release|Any CPU
		{0354DF56-2AF4-41D9-A946-CB8F401C103F}.Debug|Any CPU.ActiveCfg = Debug|Any CPU
		{0354DF56-2AF4-41D9-A946-CB8F401C103F}.Debug|Any CPU.Build.0 = Debug|Any CPU
		{0354DF56-2AF4-41D9-A946-CB8F401C103F}.Release|Any CPU.ActiveCfg = Release|Any CPU
		{0354DF56-2AF4-41D9-A946-CB8F401C103F}.Release|Any CPU.Build.0 = Release|Any CPU
		{27E9EC62-3EE3-46E9-AE47-8DCC16922D4F}.Debug|Any CPU.ActiveCfg = Debug|Any CPU
		{27E9EC62-3EE3-46E9-AE47-8DCC16922D4F}.Debug|Any CPU.Build.0 = Debug|Any CPU
		{27E9EC62-3EE3-46E9-AE47-8DCC16922D4F}.Release|Any CPU.ActiveCfg = Release|Any CPU
		{27E9EC62-3EE3-46E9-AE47-8DCC16922D4F}.Release|Any CPU.Build.0 = Release|Any CPU
		{AE8BAA5D-80B9-46D4-9769-880E0E84D721}.Debug|Any CPU.ActiveCfg = Debug|Any CPU
		{AE8BAA5D-80B9-46D4-9769-880E0E84D721}.Debug|Any CPU.Build.0 = Debug|Any CPU
		{AE8BAA5D-80B9-46D4-9769-880E0E84D721}.Release|Any CPU.ActiveCfg = Release|Any CPU
		{AE8BAA5D-80B9-46D4-9769-880E0E84D721}.Release|Any CPU.Build.0 = Release|Any CPU
		{8D10BF2F-C357-4EE2-B6A4-046E20CC76FD}.Debug|Any CPU.ActiveCfg = Debug|Any CPU
		{8D10BF2F-C357-4EE2-B6A4-046E20CC76FD}.Debug|Any CPU.Build.0 = Debug|Any CPU
		{8D10BF2F-C357-4EE2-B6A4-046E20CC76FD}.Release|Any CPU.ActiveCfg = Release|Any CPU
		{8D10BF2F-C357-4EE2-B6A4-046E20CC76FD}.Release|Any CPU.Build.0 = Release|Any CPU
		{6998749E-04A5-4599-877F-5FD3E6DD2249}.Debug|Any CPU.ActiveCfg = Debug|Any CPU
		{6998749E-04A5-4599-877F-5FD3E6DD2249}.Debug|Any CPU.Build.0 = Debug|Any CPU
		{6998749E-04A5-4599-877F-5FD3E6DD2249}.Release|Any CPU.ActiveCfg = Release|Any CPU
		{6998749E-04A5-4599-877F-5FD3E6DD2249}.Release|Any CPU.Build.0 = Release|Any CPU
		{154089D0-25AE-4AE0-9983-C6E8D727908F}.Debug|Any CPU.ActiveCfg = Debug|Any CPU
		{154089D0-25AE-4AE0-9983-C6E8D727908F}.Debug|Any CPU.Build.0 = Debug|Any CPU
		{154089D0-25AE-4AE0-9983-C6E8D727908F}.Release|Any CPU.ActiveCfg = Release|Any CPU
		{154089D0-25AE-4AE0-9983-C6E8D727908F}.Release|Any CPU.Build.0 = Release|Any CPU
		{455F27F4-D41E-4063-AC2F-8B3AC6967D1A}.Debug|Any CPU.ActiveCfg = Debug|Any CPU
		{455F27F4-D41E-4063-AC2F-8B3AC6967D1A}.Debug|Any CPU.Build.0 = Debug|Any CPU
		{455F27F4-D41E-4063-AC2F-8B3AC6967D1A}.Release|Any CPU.ActiveCfg = Release|Any CPU
		{455F27F4-D41E-4063-AC2F-8B3AC6967D1A}.Release|Any CPU.Build.0 = Release|Any CPU
		{99CC40C3-FF19-47CD-95DC-64D6AFB1A891}.Debug|Any CPU.ActiveCfg = Debug|Any CPU
		{99CC40C3-FF19-47CD-95DC-64D6AFB1A891}.Debug|Any CPU.Build.0 = Debug|Any CPU
		{99CC40C3-FF19-47CD-95DC-64D6AFB1A891}.Release|Any CPU.ActiveCfg = Release|Any CPU
		{99CC40C3-FF19-47CD-95DC-64D6AFB1A891}.Release|Any CPU.Build.0 = Release|Any CPU
		{6C5AFCA2-7515-4D31-AE53-0C12E1050913}.Debug|Any CPU.ActiveCfg = Debug|Any CPU
		{6C5AFCA2-7515-4D31-AE53-0C12E1050913}.Debug|Any CPU.Build.0 = Debug|Any CPU
		{6C5AFCA2-7515-4D31-AE53-0C12E1050913}.Release|Any CPU.ActiveCfg = Release|Any CPU
		{6C5AFCA2-7515-4D31-AE53-0C12E1050913}.Release|Any CPU.Build.0 = Release|Any CPU
		{794AA578-7BE7-49E4-88AE-4E32505B243B}.Debug|Any CPU.ActiveCfg = Debug|Any CPU
		{794AA578-7BE7-49E4-88AE-4E32505B243B}.Debug|Any CPU.Build.0 = Debug|Any CPU
		{794AA578-7BE7-49E4-88AE-4E32505B243B}.Release|Any CPU.ActiveCfg = Release|Any CPU
		{794AA578-7BE7-49E4-88AE-4E32505B243B}.Release|Any CPU.Build.0 = Release|Any CPU
		{8110D47C-C545-4E59-85E9-D1647D503ABF}.Debug|Any CPU.ActiveCfg = Debug|Any CPU
		{8110D47C-C545-4E59-85E9-D1647D503ABF}.Debug|Any CPU.Build.0 = Debug|Any CPU
		{8110D47C-C545-4E59-85E9-D1647D503ABF}.Release|Any CPU.ActiveCfg = Release|Any CPU
		{8110D47C-C545-4E59-85E9-D1647D503ABF}.Release|Any CPU.Build.0 = Release|Any CPU
		{E928FDEB-2760-4FCF-A1D2-452112BFD125}.Debug|Any CPU.ActiveCfg = Debug|Any CPU
		{E928FDEB-2760-4FCF-A1D2-452112BFD125}.Debug|Any CPU.Build.0 = Debug|Any CPU
		{E928FDEB-2760-4FCF-A1D2-452112BFD125}.Release|Any CPU.ActiveCfg = Release|Any CPU
		{E928FDEB-2760-4FCF-A1D2-452112BFD125}.Release|Any CPU.Build.0 = Release|Any CPU
		{30B1CA84-066D-43F8-A8BD-301FF2A21E48}.Debug|Any CPU.ActiveCfg = Debug|Any CPU
		{30B1CA84-066D-43F8-A8BD-301FF2A21E48}.Debug|Any CPU.Build.0 = Debug|Any CPU
		{30B1CA84-066D-43F8-A8BD-301FF2A21E48}.Release|Any CPU.ActiveCfg = Release|Any CPU
		{30B1CA84-066D-43F8-A8BD-301FF2A21E48}.Release|Any CPU.Build.0 = Release|Any CPU
		{AC6660AC-668B-414A-B3EE-232574A875E0}.Debug|Any CPU.ActiveCfg = Debug|Any CPU
		{AC6660AC-668B-414A-B3EE-232574A875E0}.Debug|Any CPU.Build.0 = Debug|Any CPU
		{AC6660AC-668B-414A-B3EE-232574A875E0}.Release|Any CPU.ActiveCfg = Release|Any CPU
		{AC6660AC-668B-414A-B3EE-232574A875E0}.Release|Any CPU.Build.0 = Release|Any CPU
	EndGlobalSection
	GlobalSection(NestedProjects) = preSolution
		{1B548453-EB70-44FB-AA19-EF16CD419C50} = {56BD96F6-DDFE-4599-A45B-51096D0BFB22}
		{C4A57C3D-75B2-4768-BF66-0E7945A0591D} = {1B548453-EB70-44FB-AA19-EF16CD419C50}
		{226E3902-C01F-438A-8E21-2B9D97BE6B6D} = {56BD96F6-DDFE-4599-A45B-51096D0BFB22}
		{F4C78A05-3F1E-4664-9C06-0AE92864924C} = {226E3902-C01F-438A-8E21-2B9D97BE6B6D}
		{2E19CDD0-4D81-4A76-8E25-FDAF96AFFB4A} = {D3FB273A-ADED-4532-A77F-504ACB242D28}
		{BDFB9F77-12A8-4223-ACDF-77F599B8EDCD} = {2E19CDD0-4D81-4A76-8E25-FDAF96AFFB4A}
		{DC6B998B-A9EB-411F-8E32-E0101DA67D78} = {2E19CDD0-4D81-4A76-8E25-FDAF96AFFB4A}
		{90872E2B-D728-477F-BC64-D952C02B97D2} = {D3FB273A-ADED-4532-A77F-504ACB242D28}
		{34E1DBE1-F937-4B3E-9C2F-A66A0EAFCDBE} = {90872E2B-D728-477F-BC64-D952C02B97D2}
		{AA17CB37-3F50-4C47-8C74-2621A67E6D83} = {34E1DBE1-F937-4B3E-9C2F-A66A0EAFCDBE}
		{C07997E5-CD3A-403B-80F3-5778DB39FEE3} = {90872E2B-D728-477F-BC64-D952C02B97D2}
		{23E56741-30D4-4553-8D98-2124EF83F0D3} = {C07997E5-CD3A-403B-80F3-5778DB39FEE3}
		{15A4E005-D69F-4A71-A00A-B3EACA42C5C5} = {C07997E5-CD3A-403B-80F3-5778DB39FEE3}
		{63980589-ADA8-4465-BA74-26DF6E6317BE} = {C07997E5-CD3A-403B-80F3-5778DB39FEE3}
		{FF9F9E59-5946-461E-8913-3FB373F134C4} = {C07997E5-CD3A-403B-80F3-5778DB39FEE3}
		{5F88C271-E9AE-4AFD-9745-1527F4AE99FF} = {90872E2B-D728-477F-BC64-D952C02B97D2}
		{F31B0FAC-16EB-4010-AF55-012260488B5D} = {5F88C271-E9AE-4AFD-9745-1527F4AE99FF}
		{A405A9CD-286C-4D5E-AC92-C86BB8EE5842} = {90872E2B-D728-477F-BC64-D952C02B97D2}
		{806D043D-0821-4850-A911-EEAD93018FFA} = {A405A9CD-286C-4D5E-AC92-C86BB8EE5842}
		{3C84345E-1F84-4673-97B4-D5651D3BE37E} = {A405A9CD-286C-4D5E-AC92-C86BB8EE5842}
		{01B7DD2F-B1BC-41A0-A845-6763C330F170} = {A405A9CD-286C-4D5E-AC92-C86BB8EE5842}
		{0354DF56-2AF4-41D9-A946-CB8F401C103F} = {A405A9CD-286C-4D5E-AC92-C86BB8EE5842}
		{ABF633AC-D10F-4C95-B2E7-DFE368F96840} = {90872E2B-D728-477F-BC64-D952C02B97D2}
		{27E9EC62-3EE3-46E9-AE47-8DCC16922D4F} = {ABF633AC-D10F-4C95-B2E7-DFE368F96840}
		{8FA2FD00-BF14-4CC3-BC3B-E4B629DBAE02} = {90872E2B-D728-477F-BC64-D952C02B97D2}
		{AE8BAA5D-80B9-46D4-9769-880E0E84D721} = {8FA2FD00-BF14-4CC3-BC3B-E4B629DBAE02}
		{15B85C77-6193-4C52-A15C-9718372C644B} = {90872E2B-D728-477F-BC64-D952C02B97D2}
		{8D10BF2F-C357-4EE2-B6A4-046E20CC76FD} = {15B85C77-6193-4C52-A15C-9718372C644B}
		{6998749E-04A5-4599-877F-5FD3E6DD2249} = {15B85C77-6193-4C52-A15C-9718372C644B}
		{154089D0-25AE-4AE0-9983-C6E8D727908F} = {15B85C77-6193-4C52-A15C-9718372C644B}
		{455F27F4-D41E-4063-AC2F-8B3AC6967D1A} = {15B85C77-6193-4C52-A15C-9718372C644B}
		{04349CA6-4E04-4AB3-A28F-205AF1431D07} = {90872E2B-D728-477F-BC64-D952C02B97D2}
		{99CC40C3-FF19-47CD-95DC-64D6AFB1A891} = {04349CA6-4E04-4AB3-A28F-205AF1431D07}
		{6C5AFCA2-7515-4D31-AE53-0C12E1050913} = {04349CA6-4E04-4AB3-A28F-205AF1431D07}
		{794AA578-7BE7-49E4-88AE-4E32505B243B} = {04349CA6-4E04-4AB3-A28F-205AF1431D07}
		{8110D47C-C545-4E59-85E9-D1647D503ABF} = {04349CA6-4E04-4AB3-A28F-205AF1431D07}
		{974F9EB4-05CD-48BD-9486-BEA094DEE2C8} = {90872E2B-D728-477F-BC64-D952C02B97D2}
		{E928FDEB-2760-4FCF-A1D2-452112BFD125} = {974F9EB4-05CD-48BD-9486-BEA094DEE2C8}
		{057295FE-C4FE-42B5-9435-7F03C02DAA65} = {90872E2B-D728-477F-BC64-D952C02B97D2}
		{30B1CA84-066D-43F8-A8BD-301FF2A21E48} = {057295FE-C4FE-42B5-9435-7F03C02DAA65}
		{B6651000-F60C-419D-B9AC-78BA98EEAD12} = {90872E2B-D728-477F-BC64-D952C02B97D2}
		{AC6660AC-668B-414A-B3EE-232574A875E0} = {B6651000-F60C-419D-B9AC-78BA98EEAD12}
	EndGlobalSection
EndGlobal
